
Microsoft Visual Studio Solution File, Format Version 12.00
# Visual Studio Version 17
VisualStudioVersion = 17.11.35327.3
MinimumVisualStudioVersion = 10.0.40219.1
Project("{9A19103F-16F7-4668-BE54-9A1E7A4F7556}") = "WFInicial", "WFInicial\WFInicial.csproj", "{29C1362A-1767-48EB-B282-A83EA87F9E3C}"
EndProject
Project("{9A19103F-16F7-4668-BE54-9A1E7A4F7556}") = "CEx1", "ConsoleRevisaoAula\CEx1.csproj", "{339D1A93-3985-4FA8-8A33-A53A1C4882DE}"
EndProject
Project("{9A19103F-16F7-4668-BE54-9A1E7A4F7556}") = "CEx2", "CEx2\CEx2.csproj", "{B84FC9C8-C5D7-4F19-BD12-B1B8E7145C30}"
EndProject
Project("{9A19103F-16F7-4668-BE54-9A1E7A4F7556}") = "CEx3", "CEx3\CEx3.csproj", "{0CE43910-8EE1-4F17-A048-1AAEBC44890B}"
EndProject
Project("{FAE04EC0-301F-11D3-BF4B-00C04F79EFBC}") = "CEx4", "CEx4\CEx4.csproj", "{3D420A09-57D3-454B-A522-DCA883729790}"
EndProject
Global
	GlobalSection(SolutionConfigurationPlatforms) = preSolution
		Debug|Any CPU = Debug|Any CPU
		Release|Any CPU = Release|Any CPU
	EndGlobalSection
	GlobalSection(ProjectConfigurationPlatforms) = postSolution
		{29C1362A-1767-48EB-B282-A83EA87F9E3C}.Debug|Any CPU.ActiveCfg = Debug|Any CPU
		{29C1362A-1767-48EB-B282-A83EA87F9E3C}.Debug|Any CPU.Build.0 = Debug|Any CPU
		{29C1362A-1767-48EB-B282-A83EA87F9E3C}.Release|Any CPU.ActiveCfg = Release|Any CPU
		{29C1362A-1767-48EB-B282-A83EA87F9E3C}.Release|Any CPU.Build.0 = Release|Any CPU
		{339D1A93-3985-4FA8-8A33-A53A1C4882DE}.Debug|Any CPU.ActiveCfg = Debug|Any CPU
		{339D1A93-3985-4FA8-8A33-A53A1C4882DE}.Debug|Any CPU.Build.0 = Debug|Any CPU
		{339D1A93-3985-4FA8-8A33-A53A1C4882DE}.Release|Any CPU.ActiveCfg = Release|Any CPU
		{339D1A93-3985-4FA8-8A33-A53A1C4882DE}.Release|Any CPU.Build.0 = Release|Any CPU
		{B84FC9C8-C5D7-4F19-BD12-B1B8E7145C30}.Debug|Any CPU.ActiveCfg = Debug|Any CPU
		{B84FC9C8-C5D7-4F19-BD12-B1B8E7145C30}.Debug|Any CPU.Build.0 = Debug|Any CPU
		{B84FC9C8-C5D7-4F19-BD12-B1B8E7145C30}.Release|Any CPU.ActiveCfg = Release|Any CPU
		{B84FC9C8-C5D7-4F19-BD12-B1B8E7145C30}.Release|Any CPU.Build.0 = Release|Any CPU
		{0CE43910-8EE1-4F17-A048-1AAEBC44890B}.Debug|Any CPU.ActiveCfg = Debug|Any CPU
		{0CE43910-8EE1-4F17-A048-1AAEBC44890B}.Debug|Any CPU.Build.0 = Debug|Any CPU
		{0CE43910-8EE1-4F17-A048-1AAEBC44890B}.Release|Any CPU.ActiveCfg = Release|Any CPU
		{0CE43910-8EE1-4F17-A048-1AAEBC44890B}.Release|Any CPU.Build.0 = Release|Any CPU
		{3D420A09-57D3-454B-A522-DCA883729790}.Debug|Any CPU.ActiveCfg = Debug|Any CPU
		{3D420A09-57D3-454B-A522-DCA883729790}.Debug|Any CPU.Build.0 = Debug|Any CPU
		{3D420A09-57D3-454B-A522-DCA883729790}.Release|Any CPU.ActiveCfg = Release|Any CPU
		{3D420A09-57D3-454B-A522-DCA883729790}.Release|Any CPU.Build.0 = Release|Any CPU
	EndGlobalSection
	GlobalSection(SolutionProperties) = preSolution
		HideSolutionNode = FALSE
	EndGlobalSection
	GlobalSection(ExtensibilityGlobals) = postSolution
		SolutionGuid = {6D49DBDA-2437-4E76-9AF7-9FBF314890DA}
	EndGlobalSection
EndGlobal
